
Microsoft Visual Studio Solution File, Format Version 12.00
# Visual Studio 15
VisualStudioVersion = 15.0.28307.168
MinimumVisualStudioVersion = 10.0.40219.1
Project("{9A19103F-16F7-4668-BE54-9A1E7A4F7556}") = "SmartCryptoManager", "SmartCryptoManager\SmartCryptoManager\SmartCryptoManager.csproj", "{92181F58-46F6-4D0B-923A-C11B2EE5C1DF}"
EndProject
Project("{FAE04EC0-301F-11D3-BF4B-00C04F79EFBC}") = "SmartCryptoManager.Android", "SmartCryptoManager\SmartCryptoManager.Android\SmartCryptoManager.Android.csproj", "{BA703EE1-B0B9-4423-8ED4-F6017E2D1165}"
EndProject
Project("{FAE04EC0-301F-11D3-BF4B-00C04F79EFBC}") = "SmartCryptoManager.iOS", "SmartCryptoManager\SmartCryptoManager.iOS\SmartCryptoManager.iOS.csproj", "{E142A4AF-0CFA-4EB4-A8D1-F4F5D46A30CC}"
EndProject
Project("{FAE04EC0-301F-11D3-BF4B-00C04F79EFBC}") = "SmartCryptoManager.UWP", "SmartCryptoManager\SmartCryptoManager.UWP\SmartCryptoManager.UWP.csproj", "{ABF6AC59-81EF-4D3A-BF5B-3F443D76BF0F}"
EndProject
Global
	GlobalSection(SolutionConfigurationPlatforms) = preSolution
		Ad-Hoc|Any CPU = Ad-Hoc|Any CPU
		Ad-Hoc|ARM = Ad-Hoc|ARM
		Ad-Hoc|iPhone = Ad-Hoc|iPhone
		Ad-Hoc|iPhoneSimulator = Ad-Hoc|iPhoneSimulator
		Ad-Hoc|x64 = Ad-Hoc|x64
		Ad-Hoc|x86 = Ad-Hoc|x86
		AppStore|Any CPU = AppStore|Any CPU
		AppStore|ARM = AppStore|ARM
		AppStore|iPhone = AppStore|iPhone
		AppStore|iPhoneSimulator = AppStore|iPhoneSimulator
		AppStore|x64 = AppStore|x64
		AppStore|x86 = AppStore|x86
		Debug|Any CPU = Debug|Any CPU
		Debug|ARM = Debug|ARM
		Debug|iPhone = Debug|iPhone
		Debug|iPhoneSimulator = Debug|iPhoneSimulator
		Debug|x64 = Debug|x64
		Debug|x86 = Debug|x86
		Release|Any CPU = Release|Any CPU
		Release|ARM = Release|ARM
		Release|iPhone = Release|iPhone
		Release|iPhoneSimulator = Release|iPhoneSimulator
		Release|x64 = Release|x64
		Release|x86 = Release|x86
	EndGlobalSection
	GlobalSection(ProjectConfigurationPlatforms) = postSolution
		{92181F58-46F6-4D0B-923A-C11B2EE5C1DF}.Ad-Hoc|Any CPU.ActiveCfg = Debug|Any CPU
		{92181F58-46F6-4D0B-923A-C11B2EE5C1DF}.Ad-Hoc|Any CPU.Build.0 = Debug|Any CPU
		{92181F58-46F6-4D0B-923A-C11B2EE5C1DF}.Ad-Hoc|ARM.ActiveCfg = Debug|Any CPU
		{92181F58-46F6-4D0B-923A-C11B2EE5C1DF}.Ad-Hoc|ARM.Build.0 = Debug|Any CPU
		{92181F58-46F6-4D0B-923A-C11B2EE5C1DF}.Ad-Hoc|iPhone.ActiveCfg = Debug|Any CPU
		{92181F58-46F6-4D0B-923A-C11B2EE5C1DF}.Ad-Hoc|iPhone.Build.0 = Debug|Any CPU
		{92181F58-46F6-4D0B-923A-C11B2EE5C1DF}.Ad-Hoc|iPhoneSimulator.ActiveCfg = Debug|Any CPU
		{92181F58-46F6-4D0B-923A-C11B2EE5C1DF}.Ad-Hoc|iPhoneSimulator.Build.0 = Debug|Any CPU
		{92181F58-46F6-4D0B-923A-C11B2EE5C1DF}.Ad-Hoc|x64.ActiveCfg = Debug|Any CPU
		{92181F58-46F6-4D0B-923A-C11B2EE5C1DF}.Ad-Hoc|x64.Build.0 = Debug|Any CPU
		{92181F58-46F6-4D0B-923A-C11B2EE5C1DF}.Ad-Hoc|x86.ActiveCfg = Debug|Any CPU
		{92181F58-46F6-4D0B-923A-C11B2EE5C1DF}.Ad-Hoc|x86.Build.0 = Debug|Any CPU
		{92181F58-46F6-4D0B-923A-C11B2EE5C1DF}.AppStore|Any CPU.ActiveCfg = Debug|Any CPU
		{92181F58-46F6-4D0B-923A-C11B2EE5C1DF}.AppStore|Any CPU.Build.0 = Debug|Any CPU
		{92181F58-46F6-4D0B-923A-C11B2EE5C1DF}.AppStore|ARM.ActiveCfg = Debug|Any CPU
		{92181F58-46F6-4D0B-923A-C11B2EE5C1DF}.AppStore|ARM.Build.0 = Debug|Any CPU
		{92181F58-46F6-4D0B-923A-C11B2EE5C1DF}.AppStore|iPhone.ActiveCfg = Debug|Any CPU
		{92181F58-46F6-4D0B-923A-C11B2EE5C1DF}.AppStore|iPhone.Build.0 = Debug|Any CPU
		{92181F58-46F6-4D0B-923A-C11B2EE5C1DF}.AppStore|iPhoneSimulator.ActiveCfg = Debug|Any CPU
		{92181F58-46F6-4D0B-923A-C11B2EE5C1DF}.AppStore|iPhoneSimulator.Build.0 = Debug|Any CPU
		{92181F58-46F6-4D0B-923A-C11B2EE5C1DF}.AppStore|x64.ActiveCfg = Debug|Any CPU
		{92181F58-46F6-4D0B-923A-C11B2EE5C1DF}.AppStore|x64.Build.0 = Debug|Any CPU
		{92181F58-46F6-4D0B-923A-C11B2EE5C1DF}.AppStore|x86.ActiveCfg = Debug|Any CPU
		{92181F58-46F6-4D0B-923A-C11B2EE5C1DF}.AppStore|x86.Build.0 = Debug|Any CPU
		{92181F58-46F6-4D0B-923A-C11B2EE5C1DF}.Debug|Any CPU.ActiveCfg = Debug|Any CPU
		{92181F58-46F6-4D0B-923A-C11B2EE5C1DF}.Debug|Any CPU.Build.0 = Debug|Any CPU
		{92181F58-46F6-4D0B-923A-C11B2EE5C1DF}.Debug|ARM.ActiveCfg = Debug|Any CPU
		{92181F58-46F6-4D0B-923A-C11B2EE5C1DF}.Debug|ARM.Build.0 = Debug|Any CPU
		{92181F58-46F6-4D0B-923A-C11B2EE5C1DF}.Debug|iPhone.ActiveCfg = Debug|Any CPU
		{92181F58-46F6-4D0B-923A-C11B2EE5C1DF}.Debug|iPhone.Build.0 = Debug|Any CPU
		{92181F58-46F6-4D0B-923A-C11B2EE5C1DF}.Debug|iPhoneSimulator.ActiveCfg = Debug|Any CPU
		{92181F58-46F6-4D0B-923A-C11B2EE5C1DF}.Debug|iPhoneSimulator.Build.0 = Debug|Any CPU
		{92181F58-46F6-4D0B-923A-C11B2EE5C1DF}.Debug|x64.ActiveCfg = Debug|Any CPU
		{92181F58-46F6-4D0B-923A-C11B2EE5C1DF}.Debug|x64.Build.0 = Debug|Any CPU
		{92181F58-46F6-4D0B-923A-C11B2EE5C1DF}.Debug|x86.ActiveCfg = Debug|Any CPU
		{92181F58-46F6-4D0B-923A-C11B2EE5C1DF}.Debug|x86.Build.0 = Debug|Any CPU
		{92181F58-46F6-4D0B-923A-C11B2EE5C1DF}.Release|Any CPU.ActiveCfg = Release|Any CPU
		{92181F58-46F6-4D0B-923A-C11B2EE5C1DF}.Release|Any CPU.Build.0 = Release|Any CPU
		{92181F58-46F6-4D0B-923A-C11B2EE5C1DF}.Release|ARM.ActiveCfg = Release|Any CPU
		{92181F58-46F6-4D0B-923A-C11B2EE5C1DF}.Release|ARM.Build.0 = Release|Any CPU
		{92181F58-46F6-4D0B-923A-C11B2EE5C1DF}.Release|iPhone.ActiveCfg = Release|Any CPU
		{92181F58-46F6-4D0B-923A-C11B2EE5C1DF}.Release|iPhone.Build.0 = Release|Any CPU
		{92181F58-46F6-4D0B-923A-C11B2EE5C1DF}.Release|iPhoneSimulator.ActiveCfg = Release|Any CPU
		{92181F58-46F6-4D0B-923A-C11B2EE5C1DF}.Release|iPhoneSimulator.Build.0 = Release|Any CPU
		{92181F58-46F6-4D0B-923A-C11B2EE5C1DF}.Release|x64.ActiveCfg = Release|Any CPU
		{92181F58-46F6-4D0B-923A-C11B2EE5C1DF}.Release|x64.Build.0 = Release|Any CPU
		{92181F58-46F6-4D0B-923A-C11B2EE5C1DF}.Release|x86.ActiveCfg = Release|Any CPU
		{92181F58-46F6-4D0B-923A-C11B2EE5C1DF}.Release|x86.Build.0 = Release|Any CPU
		{BA703EE1-B0B9-4423-8ED4-F6017E2D1165}.Ad-Hoc|Any CPU.ActiveCfg = Release|Any CPU
		{BA703EE1-B0B9-4423-8ED4-F6017E2D1165}.Ad-Hoc|Any CPU.Build.0 = Release|Any CPU
		{BA703EE1-B0B9-4423-8ED4-F6017E2D1165}.Ad-Hoc|Any CPU.Deploy.0 = Release|Any CPU
		{BA703EE1-B0B9-4423-8ED4-F6017E2D1165}.Ad-Hoc|ARM.ActiveCfg = Release|Any CPU
		{BA703EE1-B0B9-4423-8ED4-F6017E2D1165}.Ad-Hoc|ARM.Build.0 = Release|Any CPU
		{BA703EE1-B0B9-4423-8ED4-F6017E2D1165}.Ad-Hoc|ARM.Deploy.0 = Release|Any CPU
		{BA703EE1-B0B9-4423-8ED4-F6017E2D1165}.Ad-Hoc|iPhone.ActiveCfg = Release|Any CPU
		{BA703EE1-B0B9-4423-8ED4-F6017E2D1165}.Ad-Hoc|iPhone.Build.0 = Release|Any CPU
		{BA703EE1-B0B9-4423-8ED4-F6017E2D1165}.Ad-Hoc|iPhone.Deploy.0 = Release|Any CPU
		{BA703EE1-B0B9-4423-8ED4-F6017E2D1165}.Ad-Hoc|iPhoneSimulator.ActiveCfg = Release|Any CPU
		{BA703EE1-B0B9-4423-8ED4-F6017E2D1165}.Ad-Hoc|iPhoneSimulator.Build.0 = Release|Any CPU
		{BA703EE1-B0B9-4423-8ED4-F6017E2D1165}.Ad-Hoc|iPhoneSimulator.Deploy.0 = Release|Any CPU
		{BA703EE1-B0B9-4423-8ED4-F6017E2D1165}.Ad-Hoc|x64.ActiveCfg = Release|Any CPU
		{BA703EE1-B0B9-4423-8ED4-F6017E2D1165}.Ad-Hoc|x64.Build.0 = Release|Any CPU
		{BA703EE1-B0B9-4423-8ED4-F6017E2D1165}.Ad-Hoc|x64.Deploy.0 = Release|Any CPU
		{BA703EE1-B0B9-4423-8ED4-F6017E2D1165}.Ad-Hoc|x86.ActiveCfg = Release|Any CPU
		{BA703EE1-B0B9-4423-8ED4-F6017E2D1165}.Ad-Hoc|x86.Build.0 = Release|Any CPU
		{BA703EE1-B0B9-4423-8ED4-F6017E2D1165}.Ad-Hoc|x86.Deploy.0 = Release|Any CPU
		{BA703EE1-B0B9-4423-8ED4-F6017E2D1165}.AppStore|Any CPU.ActiveCfg = Release|Any CPU
		{BA703EE1-B0B9-4423-8ED4-F6017E2D1165}.AppStore|Any CPU.Build.0 = Release|Any CPU
		{BA703EE1-B0B9-4423-8ED4-F6017E2D1165}.AppStore|Any CPU.Deploy.0 = Release|Any CPU
		{BA703EE1-B0B9-4423-8ED4-F6017E2D1165}.AppStore|ARM.ActiveCfg = Release|Any CPU
		{BA703EE1-B0B9-4423-8ED4-F6017E2D1165}.AppStore|ARM.Build.0 = Release|Any CPU
		{BA703EE1-B0B9-4423-8ED4-F6017E2D1165}.AppStore|ARM.Deploy.0 = Release|Any CPU
		{BA703EE1-B0B9-4423-8ED4-F6017E2D1165}.AppStore|iPhone.ActiveCfg = Release|Any CPU
		{BA703EE1-B0B9-4423-8ED4-F6017E2D1165}.AppStore|iPhone.Build.0 = Release|Any CPU
		{BA703EE1-B0B9-4423-8ED4-F6017E2D1165}.AppStore|iPhone.Deploy.0 = Release|Any CPU
		{BA703EE1-B0B9-4423-8ED4-F6017E2D1165}.AppStore|iPhoneSimulator.ActiveCfg = Release|Any CPU
		{BA703EE1-B0B9-4423-8ED4-F6017E2D1165}.AppStore|iPhoneSimulator.Build.0 = Release|Any CPU
		{BA703EE1-B0B9-4423-8ED4-F6017E2D1165}.AppStore|iPhoneSimulator.Deploy.0 = Release|Any CPU
		{BA703EE1-B0B9-4423-8ED4-F6017E2D1165}.AppStore|x64.ActiveCfg = Release|Any CPU
		{BA703EE1-B0B9-4423-8ED4-F6017E2D1165}.AppStore|x64.Build.0 = Release|Any CPU
		{BA703EE1-B0B9-4423-8ED4-F6017E2D1165}.AppStore|x64.Deploy.0 = Release|Any CPU
		{BA703EE1-B0B9-4423-8ED4-F6017E2D1165}.AppStore|x86.ActiveCfg = Release|Any CPU
		{BA703EE1-B0B9-4423-8ED4-F6017E2D1165}.AppStore|x86.Build.0 = Release|Any CPU
		{BA703EE1-B0B9-4423-8ED4-F6017E2D1165}.AppStore|x86.Deploy.0 = Release|Any CPU
		{BA703EE1-B0B9-4423-8ED4-F6017E2D1165}.Debug|Any CPU.ActiveCfg = Debug|Any CPU
		{BA703EE1-B0B9-4423-8ED4-F6017E2D1165}.Debug|Any CPU.Build.0 = Debug|Any CPU
		{BA703EE1-B0B9-4423-8ED4-F6017E2D1165}.Debug|Any CPU.Deploy.0 = Debug|Any CPU
		{BA703EE1-B0B9-4423-8ED4-F6017E2D1165}.Debug|ARM.ActiveCfg = Debug|Any CPU
		{BA703EE1-B0B9-4423-8ED4-F6017E2D1165}.Debug|ARM.Build.0 = Debug|Any CPU
		{BA703EE1-B0B9-4423-8ED4-F6017E2D1165}.Debug|ARM.Deploy.0 = Debug|Any CPU
		{BA703EE1-B0B9-4423-8ED4-F6017E2D1165}.Debug|iPhone.ActiveCfg = Debug|Any CPU
		{BA703EE1-B0B9-4423-8ED4-F6017E2D1165}.Debug|iPhone.Build.0 = Debug|Any CPU
		{BA703EE1-B0B9-4423-8ED4-F6017E2D1165}.Debug|iPhone.Deploy.0 = Debug|Any CPU
		{BA703EE1-B0B9-4423-8ED4-F6017E2D1165}.Debug|iPhoneSimulator.ActiveCfg = Debug|Any CPU
		{BA703EE1-B0B9-4423-8ED4-F6017E2D1165}.Debug|iPhoneSimulator.Build.0 = Debug|Any CPU
		{BA703EE1-B0B9-4423-8ED4-F6017E2D1165}.Debug|iPhoneSimulator.Deploy.0 = Debug|Any CPU
		{BA703EE1-B0B9-4423-8ED4-F6017E2D1165}.Debug|x64.ActiveCfg = Debug|Any CPU
		{BA703EE1-B0B9-4423-8ED4-F6017E2D1165}.Debug|x64.Build.0 = Debug|Any CPU
		{BA703EE1-B0B9-4423-8ED4-F6017E2D1165}.Debug|x64.Deploy.0 = Debug|Any CPU
		{BA703EE1-B0B9-4423-8ED4-F6017E2D1165}.Debug|x86.ActiveCfg = Debug|Any CPU
		{BA703EE1-B0B9-4423-8ED4-F6017E2D1165}.Debug|x86.Build.0 = Debug|Any CPU
		{BA703EE1-B0B9-4423-8ED4-F6017E2D1165}.Debug|x86.Deploy.0 = Debug|Any CPU
		{BA703EE1-B0B9-4423-8ED4-F6017E2D1165}.Release|Any CPU.ActiveCfg = Release|Any CPU
		{BA703EE1-B0B9-4423-8ED4-F6017E2D1165}.Release|Any CPU.Build.0 = Release|Any CPU
		{BA703EE1-B0B9-4423-8ED4-F6017E2D1165}.Release|Any CPU.Deploy.0 = Release|Any CPU
		{BA703EE1-B0B9-4423-8ED4-F6017E2D1165}.Release|ARM.ActiveCfg = Release|Any CPU
		{BA703EE1-B0B9-4423-8ED4-F6017E2D1165}.Release|ARM.Build.0 = Release|Any CPU
		{BA703EE1-B0B9-4423-8ED4-F6017E2D1165}.Release|ARM.Deploy.0 = Release|Any CPU
		{BA703EE1-B0B9-4423-8ED4-F6017E2D1165}.Release|iPhone.ActiveCfg = Release|Any CPU
		{BA703EE1-B0B9-4423-8ED4-F6017E2D1165}.Release|iPhone.Build.0 = Release|Any CPU
		{BA703EE1-B0B9-4423-8ED4-F6017E2D1165}.Release|iPhone.Deploy.0 = Release|Any CPU
		{BA703EE1-B0B9-4423-8ED4-F6017E2D1165}.Release|iPhoneSimulator.ActiveCfg = Release|Any CPU
		{BA703EE1-B0B9-4423-8ED4-F6017E2D1165}.Release|iPhoneSimulator.Build.0 = Release|Any CPU
		{BA703EE1-B0B9-4423-8ED4-F6017E2D1165}.Release|iPhoneSimulator.Deploy.0 = Release|Any CPU
		{BA703EE1-B0B9-4423-8ED4-F6017E2D1165}.Release|x64.ActiveCfg = Release|Any CPU
		{BA703EE1-B0B9-4423-8ED4-F6017E2D1165}.Release|x64.Build.0 = Release|Any CPU
		{BA703EE1-B0B9-4423-8ED4-F6017E2D1165}.Release|x64.Deploy.0 = Release|Any CPU
		{BA703EE1-B0B9-4423-8ED4-F6017E2D1165}.Release|x86.ActiveCfg = Release|Any CPU
		{BA703EE1-B0B9-4423-8ED4-F6017E2D1165}.Release|x86.Build.0 = Release|Any CPU
		{BA703EE1-B0B9-4423-8ED4-F6017E2D1165}.Release|x86.Deploy.0 = Release|Any CPU
		{E142A4AF-0CFA-4EB4-A8D1-F4F5D46A30CC}.Ad-Hoc|Any CPU.ActiveCfg = Ad-Hoc|iPhone
		{E142A4AF-0CFA-4EB4-A8D1-F4F5D46A30CC}.Ad-Hoc|ARM.ActiveCfg = Ad-Hoc|iPhone
		{E142A4AF-0CFA-4EB4-A8D1-F4F5D46A30CC}.Ad-Hoc|iPhone.ActiveCfg = Ad-Hoc|iPhone
		{E142A4AF-0CFA-4EB4-A8D1-F4F5D46A30CC}.Ad-Hoc|iPhone.Build.0 = Ad-Hoc|iPhone
		{E142A4AF-0CFA-4EB4-A8D1-F4F5D46A30CC}.Ad-Hoc|iPhoneSimulator.ActiveCfg = Ad-Hoc|iPhoneSimulator
		{E142A4AF-0CFA-4EB4-A8D1-F4F5D46A30CC}.Ad-Hoc|iPhoneSimulator.Build.0 = Ad-Hoc|iPhoneSimulator
		{E142A4AF-0CFA-4EB4-A8D1-F4F5D46A30CC}.Ad-Hoc|x64.ActiveCfg = Ad-Hoc|iPhone
		{E142A4AF-0CFA-4EB4-A8D1-F4F5D46A30CC}.Ad-Hoc|x86.ActiveCfg = Ad-Hoc|iPhone
		{E142A4AF-0CFA-4EB4-A8D1-F4F5D46A30CC}.AppStore|Any CPU.ActiveCfg = AppStore|iPhone
		{E142A4AF-0CFA-4EB4-A8D1-F4F5D46A30CC}.AppStore|ARM.ActiveCfg = AppStore|iPhone
		{E142A4AF-0CFA-4EB4-A8D1-F4F5D46A30CC}.AppStore|iPhone.ActiveCfg = AppStore|iPhone
		{E142A4AF-0CFA-4EB4-A8D1-F4F5D46A30CC}.AppStore|iPhone.Build.0 = AppStore|iPhone
		{E142A4AF-0CFA-4EB4-A8D1-F4F5D46A30CC}.AppStore|iPhoneSimulator.ActiveCfg = AppStore|iPhoneSimulator
		{E142A4AF-0CFA-4EB4-A8D1-F4F5D46A30CC}.AppStore|iPhoneSimulator.Build.0 = AppStore|iPhoneSimulator
		{E142A4AF-0CFA-4EB4-A8D1-F4F5D46A30CC}.AppStore|x64.ActiveCfg = AppStore|iPhone
		{E142A4AF-0CFA-4EB4-A8D1-F4F5D46A30CC}.AppStore|x86.ActiveCfg = AppStore|iPhone
		{E142A4AF-0CFA-4EB4-A8D1-F4F5D46A30CC}.Debug|Any CPU.ActiveCfg = Debug|iPhone
		{E142A4AF-0CFA-4EB4-A8D1-F4F5D46A30CC}.Debug|ARM.ActiveCfg = Debug|iPhone
		{E142A4AF-0CFA-4EB4-A8D1-F4F5D46A30CC}.Debug|iPhone.ActiveCfg = Debug|iPhone
		{E142A4AF-0CFA-4EB4-A8D1-F4F5D46A30CC}.Debug|iPhone.Build.0 = Debug|iPhone
		{E142A4AF-0CFA-4EB4-A8D1-F4F5D46A30CC}.Debug|iPhoneSimulator.ActiveCfg = Debug|iPhoneSimulator
		{E142A4AF-0CFA-4EB4-A8D1-F4F5D46A30CC}.Debug|iPhoneSimulator.Build.0 = Debug|iPhoneSimulator
		{E142A4AF-0CFA-4EB4-A8D1-F4F5D46A30CC}.Debug|x64.ActiveCfg = Debug|iPhone
		{E142A4AF-0CFA-4EB4-A8D1-F4F5D46A30CC}.Debug|x86.ActiveCfg = Debug|iPhone
		{E142A4AF-0CFA-4EB4-A8D1-F4F5D46A30CC}.Release|Any CPU.ActiveCfg = Release|iPhone
		{E142A4AF-0CFA-4EB4-A8D1-F4F5D46A30CC}.Release|ARM.ActiveCfg = Release|iPhone
		{E142A4AF-0CFA-4EB4-A8D1-F4F5D46A30CC}.Release|iPhone.ActiveCfg = Release|iPhone
		{E142A4AF-0CFA-4EB4-A8D1-F4F5D46A30CC}.Release|iPhone.Build.0 = Release|iPhone
		{E142A4AF-0CFA-4EB4-A8D1-F4F5D46A30CC}.Release|iPhoneSimulator.ActiveCfg = Release|iPhoneSimulator
		{E142A4AF-0CFA-4EB4-A8D1-F4F5D46A30CC}.Release|iPhoneSimulator.Build.0 = Release|iPhoneSimulator
		{E142A4AF-0CFA-4EB4-A8D1-F4F5D46A30CC}.Release|x64.ActiveCfg = Release|iPhone
		{E142A4AF-0CFA-4EB4-A8D1-F4F5D46A30CC}.Release|x86.ActiveCfg = Release|iPhone
		{ABF6AC59-81EF-4D3A-BF5B-3F443D76BF0F}.Ad-Hoc|Any CPU.ActiveCfg = Release|x86
		{ABF6AC59-81EF-4D3A-BF5B-3F443D76BF0F}.Ad-Hoc|Any CPU.Build.0 = Release|x86
		{ABF6AC59-81EF-4D3A-BF5B-3F443D76BF0F}.Ad-Hoc|Any CPU.Deploy.0 = Release|x86
		{ABF6AC59-81EF-4D3A-BF5B-3F443D76BF0F}.Ad-Hoc|ARM.ActiveCfg = Release|ARM
		{ABF6AC59-81EF-4D3A-BF5B-3F443D76BF0F}.Ad-Hoc|ARM.Build.0 = Release|ARM
		{ABF6AC59-81EF-4D3A-BF5B-3F443D76BF0F}.Ad-Hoc|ARM.Deploy.0 = Release|ARM
		{ABF6AC59-81EF-4D3A-BF5B-3F443D76BF0F}.Ad-Hoc|iPhone.ActiveCfg = Release|x86
		{ABF6AC59-81EF-4D3A-BF5B-3F443D76BF0F}.Ad-Hoc|iPhone.Build.0 = Release|x86
		{ABF6AC59-81EF-4D3A-BF5B-3F443D76BF0F}.Ad-Hoc|iPhone.Deploy.0 = Release|x86
		{ABF6AC59-81EF-4D3A-BF5B-3F443D76BF0F}.Ad-Hoc|iPhoneSimulator.ActiveCfg = Release|x86
		{ABF6AC59-81EF-4D3A-BF5B-3F443D76BF0F}.Ad-Hoc|iPhoneSimulator.Build.0 = Release|x86
		{ABF6AC59-81EF-4D3A-BF5B-3F443D76BF0F}.Ad-Hoc|iPhoneSimulator.Deploy.0 = Release|x86
		{ABF6AC59-81EF-4D3A-BF5B-3F443D76BF0F}.Ad-Hoc|x64.ActiveCfg = Release|x64
		{ABF6AC59-81EF-4D3A-BF5B-3F443D76BF0F}.Ad-Hoc|x64.Build.0 = Release|x64
		{ABF6AC59-81EF-4D3A-BF5B-3F443D76BF0F}.Ad-Hoc|x64.Deploy.0 = Release|x64
		{ABF6AC59-81EF-4D3A-BF5B-3F443D76BF0F}.Ad-Hoc|x86.ActiveCfg = Release|x86
		{ABF6AC59-81EF-4D3A-BF5B-3F443D76BF0F}.Ad-Hoc|x86.Build.0 = Release|x86
		{ABF6AC59-81EF-4D3A-BF5B-3F443D76BF0F}.Ad-Hoc|x86.Deploy.0 = Release|x86
		{ABF6AC59-81EF-4D3A-BF5B-3F443D76BF0F}.AppStore|Any CPU.ActiveCfg = Release|x86
		{ABF6AC59-81EF-4D3A-BF5B-3F443D76BF0F}.AppStore|Any CPU.Build.0 = Release|x86
		{ABF6AC59-81EF-4D3A-BF5B-3F443D76BF0F}.AppStore|Any CPU.Deploy.0 = Release|x86
		{ABF6AC59-81EF-4D3A-BF5B-3F443D76BF0F}.AppStore|ARM.ActiveCfg = Release|ARM
		{ABF6AC59-81EF-4D3A-BF5B-3F443D76BF0F}.AppStore|ARM.Build.0 = Release|ARM
		{ABF6AC59-81EF-4D3A-BF5B-3F443D76BF0F}.AppStore|ARM.Deploy.0 = Release|ARM
		{ABF6AC59-81EF-4D3A-BF5B-3F443D76BF0F}.AppStore|iPhone.ActiveCfg = Release|x86
		{ABF6AC59-81EF-4D3A-BF5B-3F443D76BF0F}.AppStore|iPhone.Build.0 = Release|x86
		{ABF6AC59-81EF-4D3A-BF5B-3F443D76BF0F}.AppStore|iPhone.Deploy.0 = Release|x86
		{ABF6AC59-81EF-4D3A-BF5B-3F443D76BF0F}.AppStore|iPhoneSimulator.ActiveCfg = Release|x86
		{ABF6AC59-81EF-4D3A-BF5B-3F443D76BF0F}.AppStore|iPhoneSimulator.Build.0 = Release|x86
		{ABF6AC59-81EF-4D3A-BF5B-3F443D76BF0F}.AppStore|iPhoneSimulator.Deploy.0 = Release|x86
		{ABF6AC59-81EF-4D3A-BF5B-3F443D76BF0F}.AppStore|x64.ActiveCfg = Release|x64
		{ABF6AC59-81EF-4D3A-BF5B-3F443D76BF0F}.AppStore|x64.Build.0 = Release|x64
		{ABF6AC59-81EF-4D3A-BF5B-3F443D76BF0F}.AppStore|x64.Deploy.0 = Release|x64
		{ABF6AC59-81EF-4D3A-BF5B-3F443D76BF0F}.AppStore|x86.ActiveCfg = Release|x86
		{ABF6AC59-81EF-4D3A-BF5B-3F443D76BF0F}.AppStore|x86.Build.0 = Release|x86
		{ABF6AC59-81EF-4D3A-BF5B-3F443D76BF0F}.AppStore|x86.Deploy.0 = Release|x86
		{ABF6AC59-81EF-4D3A-BF5B-3F443D76BF0F}.Debug|Any CPU.ActiveCfg = Debug|x86
		{ABF6AC59-81EF-4D3A-BF5B-3F443D76BF0F}.Debug|ARM.ActiveCfg = Debug|ARM
		{ABF6AC59-81EF-4D3A-BF5B-3F443D76BF0F}.Debug|ARM.Build.0 = Debug|ARM
		{ABF6AC59-81EF-4D3A-BF5B-3F443D76BF0F}.Debug|ARM.Deploy.0 = Debug|ARM
		{ABF6AC59-81EF-4D3A-BF5B-3F443D76BF0F}.Debug|iPhone.ActiveCfg = Debug|x86
		{ABF6AC59-81EF-4D3A-BF5B-3F443D76BF0F}.Debug|iPhoneSimulator.ActiveCfg = Debug|x86
		{ABF6AC59-81EF-4D3A-BF5B-3F443D76BF0F}.Debug|x64.ActiveCfg = Debug|x64
		{ABF6AC59-81EF-4D3A-BF5B-3F443D76BF0F}.Debug|x64.Build.0 = Debug|x64
		{ABF6AC59-81EF-4D3A-BF5B-3F443D76BF0F}.Debug|x64.Deploy.0 = Debug|x64
		{ABF6AC59-81EF-4D3A-BF5B-3F443D76BF0F}.Debug|x86.ActiveCfg = Debug|x86
		{ABF6AC59-81EF-4D3A-BF5B-3F443D76BF0F}.Debug|x86.Build.0 = Debug|x86
		{ABF6AC59-81EF-4D3A-BF5B-3F443D76BF0F}.Debug|x86.Deploy.0 = Debug|x86
		{ABF6AC59-81EF-4D3A-BF5B-3F443D76BF0F}.Release|Any CPU.ActiveCfg = Release|x86
		{ABF6AC59-81EF-4D3A-BF5B-3F443D76BF0F}.Release|ARM.ActiveCfg = Release|ARM
		{ABF6AC59-81EF-4D3A-BF5B-3F443D76BF0F}.Release|ARM.Build.0 = Release|ARM
		{ABF6AC59-81EF-4D3A-BF5B-3F443D76BF0F}.Release|ARM.Deploy.0 = Release|ARM
		{ABF6AC59-81EF-4D3A-BF5B-3F443D76BF0F}.Release|iPhone.ActiveCfg = Release|x86
		{ABF6AC59-81EF-4D3A-BF5B-3F443D76BF0F}.Release|iPhoneSimulator.ActiveCfg = Release|x86
		{ABF6AC59-81EF-4D3A-BF5B-3F443D76BF0F}.Release|x64.ActiveCfg = Release|x64
		{ABF6AC59-81EF-4D3A-BF5B-3F443D76BF0F}.Release|x64.Build.0 = Release|x64
		{ABF6AC59-81EF-4D3A-BF5B-3F443D76BF0F}.Release|x64.Deploy.0 = Release|x64
		{ABF6AC59-81EF-4D3A-BF5B-3F443D76BF0F}.Release|x86.ActiveCfg = Release|x86
		{ABF6AC59-81EF-4D3A-BF5B-3F443D76BF0F}.Release|x86.Build.0 = Release|x86
		{ABF6AC59-81EF-4D3A-BF5B-3F443D76BF0F}.Release|x86.Deploy.0 = Release|x86
	EndGlobalSection
	GlobalSection(SolutionProperties) = preSolution
		HideSolutionNode = FALSE
	EndGlobalSection
	GlobalSection(ExtensibilityGlobals) = postSolution
		SolutionGuid = {42B6DCB0-C122-489C-B5ED-A05CD30C7B82}
	EndGlobalSection
EndGlobal
